
Microsoft Visual Studio Solution File, Format Version 12.00
# Visual Studio 15
VisualStudioVersion = 15.0.27004.2005
MinimumVisualStudioVersion = 10.0.40219.1
Project("{8BC9CEB8-8B4A-11D0-8D11-00A0C91BC942}") = "DBSessionDataDefiner", "DBSessionDataDefiner\DBSessionDataDefiner.vcxproj", "{12B279E4-EF83-4B93-8DD0-6E6D71B52EDD}"
EndProject
Global
	GlobalSection(SolutionConfigurationPlatforms) = preSolution
		Debug|x64 = Debug|x64
		Debug|x86 = Debug|x86
		Release|x64 = Release|x64
		Release|x86 = Release|x86
	EndGlobalSection
	GlobalSection(ProjectConfigurationPlatforms) = postSolution
		{12B279E4-EF83-4B93-8DD0-6E6D71B52EDD}.Debug|x64.ActiveCfg = Debug|x64
		{12B279E4-EF83-4B93-8DD0-6E6D71B52EDD}.Debug|x64.Build.0 = Debug|x64
		{12B279E4-EF83-4B93-8DD0-6E6D71B52EDD}.Debug|x86.ActiveCfg = Debug|Win32
		{12B279E4-EF83-4B93-8DD0-6E6D71B52EDD}.Debug|x86.Build.0 = Debug|Win32
		{12B279E4-EF83-4B93-8DD0-6E6D71B52EDD}.Release|x64.ActiveCfg = Release|x64
		{12B279E4-EF83-4B93-8DD0-6E6D71B52EDD}.Release|x64.Build.0 = Release|x64
		{12B279E4-EF83-4B93-8DD0-6E6D71B52EDD}.Release|x86.ActiveCfg = Release|Win32
		{12B279E4-EF83-4B93-8DD0-6E6D71B52EDD}.Release|x86.Build.0 = Release|Win32
	EndGlobalSection
	GlobalSection(SolutionProperties) = preSolution
		HideSolutionNode = FALSE
	EndGlobalSection
	GlobalSection(ExtensibilityGlobals) = postSolution
		SolutionGuid = {E5A70524-A77E-4879-9EDB-430766F0279B}
	EndGlobalSection
EndGlobal
